PODS:
  - TPCircularBuffer (1.6.1)

DEPENDENCIES:
  - TPCircularBuffer

SPEC REPOS:
  https://github.com/cocoapods/specs.git:
    - TPCircularBuffer

SPEC CHECKSUMS:
  TPCircularBuffer: c13243556527551c4d320709c7b14a6d20cdc30a

PODFILE CHECKSUM: de02351de8888a09a3732760b2cfccb1097cf5be

COCOAPODS: 1.7.3
